// !$*UTF8*$!
{
	archiveVersion = 1;
	classes = {
	};
	objectVersion = 52;
	objects = {

/* Begin PBXBuildFile section */
		5F04E9552400FF05000BB14B /* MockAttractionListInteractor.swift in Sources */ = {isa = PBXBuildFile; fileRef = 5F04E9542400FF05000BB14B /* MockAttractionListInteractor.swift */; };
		5F04E9572400FF66000BB14B /* MockAttractionListRouter.swift in Sources */ = {isa = PBXBuildFile; fileRef = 5F04E9562400FF66000BB14B /* MockAttractionListRouter.swift */; };
		5F04E9592400FFC9000BB14B /* MockAttractionListVC.swift in Sources */ = {isa = PBXBuildFile; fileRef = 5F04E9582400FFC9000BB14B /* MockAttractionListVC.swift */; };
		5F04E95B2401047E000BB14B /* AttractionListPresenterTest.swift in Sources */ = {isa = PBXBuildFile; fileRef = 5F04E95A2401047E000BB14B /* AttractionListPresenterTest.swift */; };
		5F04E96324011BBD000BB14B /* AttractionListBuilder.swift in Sources */ = {isa = PBXBuildFile; fileRef = 5F04E96224011BBD000BB14B /* AttractionListBuilder.swift */; };
		5F04E96524011EF6000BB14B /* FakeData.swift in Sources */ = {isa = PBXBuildFile; fileRef = 5F04E96424011EF6000BB14B /* FakeData.swift */; };
		5F835D6F23FD5CEA00C373BA /* AppDelegate.swift in Sources */ = {isa = PBXBuildFile; fileRef = 5F835D6E23FD5CEA00C373BA /* AppDelegate.swift */; };
		5F835D7623FD5CEA00C373BA /* Main.storyboard in Resources */ = {isa = PBXBuildFile; fileRef = 5F835D7423FD5CEA00C373BA /* Main.storyboard */; };
		5F835D7823FD5CEC00C373BA /* Assets.xcassets in Resources */ = {isa = PBXBuildFile; fileRef = 5F835D7723FD5CEC00C373BA /* Assets.xcassets */; };
		5F835D7B23FD5CEC00C373BA /* LaunchScreen.storyboard in Resources */ = {isa = PBXBuildFile; fileRef = 5F835D7923FD5CEC00C373BA /* LaunchScreen.storyboard */; };
		5F835D8623FD5CEC00C373BA /* turistTests.swift in Sources */ = {isa = PBXBuildFile; fileRef = 5F835D8523FD5CEC00C373BA /* turistTests.swift */; };
		5F835DAB23FD5EAE00C373BA /* AttractionListInteractor.swift in Sources */ = {isa = PBXBuildFile; fileRef = 5F835DAA23FD5EAE00C373BA /* AttractionListInteractor.swift */; };
		5F835DAD23FD5EBE00C373BA /* AttractionListPresenter.swift in Sources */ = {isa = PBXBuildFile; fileRef = 5F835DAC23FD5EBE00C373BA /* AttractionListPresenter.swift */; };
		5F835DB023FD5ED300C373BA /* AttractionListRouter.swift in Sources */ = {isa = PBXBuildFile; fileRef = 5F835DAF23FD5ED300C373BA /* AttractionListRouter.swift */; };
		5F835DB223FD5EF600C373BA /* AttractionListRouterProtocol.swift in Sources */ = {isa = PBXBuildFile; fileRef = 5F835DB123FD5EF600C373BA /* AttractionListRouterProtocol.swift */; };
		5F835DB723FD664E00C373BA /* AttractionListVC.swift in Sources */ = {isa = PBXBuildFile; fileRef = 5F835DB623FD664E00C373BA /* AttractionListVC.swift */; };
		5F835DB923FD66D700C373BA /* AppRouter.swift in Sources */ = {isa = PBXBuildFile; fileRef = 5F835DB823FD66D700C373BA /* AppRouter.swift */; };
		5F835DBB23FD6A4100C373BA /* AttractionListPresenterProtocol.swift in Sources */ = {isa = PBXBuildFile; fileRef = 5F835DBA23FD6A4100C373BA /* AttractionListPresenterProtocol.swift */; };
		5F835DBD23FD6A8100C373BA /* AttractionListInteractorProtocol.swift in Sources */ = {isa = PBXBuildFile; fileRef = 5F835DBC23FD6A8100C373BA /* AttractionListInteractorProtocol.swift */; };
		5F84133723FED5A300594F98 /* APIModule in Frameworks */ = {isa = PBXBuildFile; productRef = 5F84133623FED5A300594F98 /* APIModule */; };
		5F84133923FED78A00594F98 /* Models in Frameworks */ = {isa = PBXBuildFile; productRef = 5F84133823FED78A00594F98 /* Models */; };
		5F84133B23FED8E500594F98 /* Utils in Frameworks */ = {isa = PBXBuildFile; productRef = 5F84133A23FED8E500594F98 /* Utils */; };
		5F84134023FEDD0000594F98 /* AttractionCell.swift in Sources */ = {isa = PBXBuildFile; fileRef = 5F84133E23FEDD0000594F98 /* AttractionCell.swift */; };
		5F84134123FEDD0000594F98 /* AttractionCell.xib in Resources */ = {isa = PBXBuildFile; fileRef = 5F84133F23FEDD0000594F98 /* AttractionCell.xib */; };
		5F84134523FEE4C600594F98 /* ImageCell.swift in Sources */ = {isa = PBXBuildFile; fileRef = 5F84134323FEE4C600594F98 /* ImageCell.swift */; };
		5F84134623FEE4C600594F98 /* ImageCell.xib in Resources */ = {isa = PBXBuildFile; fileRef = 5F84134423FEE4C600594F98 /* ImageCell.xib */; };
		5F84134923FEE93E00594F98 /* Kingfisher in Frameworks */ = {isa = PBXBuildFile; productRef = 5F84134823FEE93E00594F98 /* Kingfisher */; };
		5FB644E22401611A00190923 /* turistUITests.swift in Sources */ = {isa = PBXBuildFile; fileRef = 5FB644E12401611A00190923 /* turistUITests.swift */; };
		5FC2D9CF2400E944004C7FB7 /* MockAPIManager.swift in Sources */ = {isa = PBXBuildFile; fileRef = 5FC2D9CE2400E944004C7FB7 /* MockAPIManager.swift */; };
		5FC2D9D12400EA55004C7FB7 /* AttractionListInteractorTest.swift in Sources */ = {isa = PBXBuildFile; fileRef = 5FC2D9D02400EA55004C7FB7 /* AttractionListInteractorTest.swift */; };
		5FC2D9D42400ED02004C7FB7 /* MockAttractionListPresenter.swift in Sources */ = {isa = PBXBuildFile; fileRef = 5FC2D9D32400ED02004C7FB7 /* MockAttractionListPresenter.swift */; };
/* End PBXBuildFile section */

/* Begin PBXContainerItemProxy section */
		5F835D8223FD5CEC00C373BA /* PBXContainerItemProxy */ = {
			isa = PBXContainerItemProxy;
			containerPortal = 5F835D6323FD5CEA00C373BA /* Project object */;
			proxyType = 1;
			remoteGlobalIDString = 5F835D6A23FD5CEA00C373BA;
			remoteInfo = turist;
		};
		5FB644E42401611A00190923 /* PBXContainerItemProxy */ = {
			isa = PBXContainerItemProxy;
			containerPortal = 5F835D6323FD5CEA00C373BA /* Project object */;
			proxyType = 1;
			remoteGlobalIDString = 5F835D6A23FD5CEA00C373BA;
			remoteInfo = turist;
		};
/* End PBXContainerItemProxy section */

/* Begin PBXFileReference section */
		5F04E9542400FF05000BB14B /* MockAttractionListInteractor.swift */ = {isa = PBXFileReference; lastKnownFileType = sourcecode.swift; path = MockAttractionListInteractor.swift; sourceTree = "<group>"; };
		5F04E9562400FF66000BB14B /* MockAttractionListRouter.swift */ = {isa = PBXFileReference; lastKnownFileType = sourcecode.swift; path = MockAttractionListRouter.swift; sourceTree = "<group>"; };
		5F04E9582400FFC9000BB14B /* MockAttractionListVC.swift */ = {isa = PBXFileReference; lastKnownFileType = sourcecode.swift; path = MockAttractionListVC.swift; sourceTree = "<group>"; };
		5F04E95A2401047E000BB14B /* AttractionListPresenterTest.swift */ = {isa = PBXFileReference; lastKnownFileType = sourcecode.swift; path = AttractionListPresenterTest.swift; sourceTree = "<group>"; };
		5F04E96224011BBD000BB14B /* AttractionListBuilder.swift */ = {isa = PBXFileReference; lastKnownFileType = sourcecode.swift; path = AttractionListBuilder.swift; sourceTree = "<group>"; };
		5F04E96424011EF6000BB14B /* FakeData.swift */ = {isa = PBXFileReference; lastKnownFileType = sourcecode.swift; path = FakeData.swift; sourceTree = "<group>"; };
		5F835D6B23FD5CEA00C373BA /* turist.app */ = {isa = PBXFileReference; explicitFileType = wrapper.application; includeInIndex = 0; path = turist.app; sourceTree = BUILT_PRODUCTS_DIR; };
		5F835D6E23FD5CEA00C373BA /* AppDelegate.swift */ = {isa = PBXFileReference; lastKnownFileType = sourcecode.swift; path = AppDelegate.swift; sourceTree = "<group>"; };
		5F835D7523FD5CEA00C373BA /* Base */ = {isa = PBXFileReference; lastKnownFileType = file.storyboard; name = Base; path = Base.lproj/Main.storyboard; sourceTree = "<group>"; };
		5F835D7723FD5CEC00C373BA /* Assets.xcassets */ = {isa = PBXFileReference; lastKnownFileType = folder.assetcatalog; path = Assets.xcassets; sourceTree = "<group>"; };
		5F835D7A23FD5CEC00C373BA /* Base */ = {isa = PBXFileReference; lastKnownFileType = file.storyboard; name = Base; path = Base.lproj/LaunchScreen.storyboard; sourceTree = "<group>"; };
		5F835D7C23FD5CEC00C373BA /* Info.plist */ = {isa = PBXFileReference; lastKnownFileType = text.plist.xml; path = Info.plist; sourceTree = "<group>"; };
		5F835D8123FD5CEC00C373BA /* turistTests.xctest */ = {isa = PBXFileReference; explicitFileType = wrapper.cfbundle; includeInIndex = 0; path = turistTests.xctest; sourceTree = BUILT_PRODUCTS_DIR; };
		5F835D8523FD5CEC00C373BA /* turistTests.swift */ = {isa = PBXFileReference; lastKnownFileType = sourcecode.swift; path = turistTests.swift; sourceTree = "<group>"; };
		5F835D8723FD5CEC00C373BA /* Info.plist */ = {isa = PBXFileReference; lastKnownFileType = text.plist.xml; path = Info.plist; sourceTree = "<group>"; };
		5F835DAA23FD5EAE00C373BA /* AttractionListInteractor.swift */ = {isa = PBXFileReference; lastKnownFileType = sourcecode.swift; path = AttractionListInteractor.swift; sourceTree = "<group>"; };
		5F835DAC23FD5EBE00C373BA /* AttractionListPresenter.swift */ = {isa = PBXFileReference; lastKnownFileType = sourcecode.swift; path = AttractionListPresenter.swift; sourceTree = "<group>"; };
		5F835DAF23FD5ED300C373BA /* AttractionListRouter.swift */ = {isa = PBXFileReference; lastKnownFileType = sourcecode.swift; path = AttractionListRouter.swift; sourceTree = "<group>"; };
		5F835DB123FD5EF600C373BA /* AttractionListRouterProtocol.swift */ = {isa = PBXFileReference; lastKnownFileType = sourcecode.swift; path = AttractionListRouterProtocol.swift; sourceTree = "<group>"; };
		5F835DB623FD664E00C373BA /* AttractionListVC.swift */ = {isa = PBXFileReference; lastKnownFileType = sourcecode.swift; path = AttractionListVC.swift; sourceTree = "<group>"; };
		5F835DB823FD66D700C373BA /* AppRouter.swift */ = {isa = PBXFileReference; lastKnownFileType = sourcecode.swift; path = AppRouter.swift; sourceTree = "<group>"; };
		5F835DBA23FD6A4100C373BA /* AttractionListPresenterProtocol.swift */ = {isa = PBXFileReference; lastKnownFileType = sourcecode.swift; path = AttractionListPresenterProtocol.swift; sourceTree = "<group>"; };
		5F835DBC23FD6A8100C373BA /* AttractionListInteractorProtocol.swift */ = {isa = PBXFileReference; lastKnownFileType = sourcecode.swift; path = AttractionListInteractorProtocol.swift; sourceTree = "<group>"; };
		5F84133E23FEDD0000594F98 /* AttractionCell.swift */ = {isa = PBXFileReference; lastKnownFileType = sourcecode.swift; path = AttractionCell.swift; sourceTree = "<group>"; };
		5F84133F23FEDD0000594F98 /* AttractionCell.xib */ = {isa = PBXFileReference; lastKnownFileType = file.xib; path = AttractionCell.xib; sourceTree = "<group>"; };
		5F84134323FEE4C600594F98 /* ImageCell.swift */ = {isa = PBXFileReference; lastKnownFileType = sourcecode.swift; path = ImageCell.swift; sourceTree = "<group>"; };
		5F84134423FEE4C600594F98 /* ImageCell.xib */ = {isa = PBXFileReference; lastKnownFileType = file.xib; path = ImageCell.xib; sourceTree = "<group>"; };
		5FB644DF2401611A00190923 /* turistUITests.xctest */ = {isa = PBXFileReference; explicitFileType = wrapper.cfbundle; includeInIndex = 0; path = turistUITests.xctest; sourceTree = BUILT_PRODUCTS_DIR; };
		5FB644E12401611A00190923 /* turistUITests.swift */ = {isa = PBXFileReference; lastKnownFileType = sourcecode.swift; path = turistUITests.swift; sourceTree = "<group>"; };
		5FB644E32401611A00190923 /* Info.plist */ = {isa = PBXFileReference; lastKnownFileType = text.plist.xml; path = Info.plist; sourceTree = "<group>"; };
		5FC2D9CE2400E944004C7FB7 /* MockAPIManager.swift */ = {isa = PBXFileReference; lastKnownFileType = sourcecode.swift; path = MockAPIManager.swift; sourceTree = "<group>"; };
		5FC2D9D02400EA55004C7FB7 /* AttractionListInteractorTest.swift */ = {isa = PBXFileReference; lastKnownFileType = sourcecode.swift; path = AttractionListInteractorTest.swift; sourceTree = "<group>"; };
		5FC2D9D32400ED02004C7FB7 /* MockAttractionListPresenter.swift */ = {isa = PBXFileReference; lastKnownFileType = sourcecode.swift; path = MockAttractionListPresenter.swift; sourceTree = "<group>"; };
/* End PBXFileReference section */

/* Begin PBXFrameworksBuildPhase section */
		5F835D6823FD5CEA00C373BA /* Frameworks */ = {
			isa = PBXFrameworksBuildPhase;
			buildActionMask = 2147483647;
			files = (
				5F84134923FEE93E00594F98 /* Kingfisher in Frameworks */,
				5F84133B23FED8E500594F98 /* Utils in Frameworks */,
				5F84133923FED78A00594F98 /* Models in Frameworks */,
				5F84133723FED5A300594F98 /* APIModule in Frameworks */,
			);
			runOnlyForDeploymentPostprocessing = 0;
		};
		5F835D7E23FD5CEC00C373BA /* Frameworks */ = {
			isa = PBXFrameworksBuildPhase;
			buildActionMask = 2147483647;
			files = (
			);
			runOnlyForDeploymentPostprocessing = 0;
		};
		5FB644DC2401611A00190923 /* Frameworks */ = {
			isa = PBXFrameworksBuildPhase;
			buildActionMask = 2147483647;
			files = (
			);
			runOnlyForDeploymentPostprocessing = 0;
		};
/* End PBXFrameworksBuildPhase section */

/* Begin PBXGroup section */
		5F04E96124011BA6000BB14B /* Builder */ = {
			isa = PBXGroup;
			children = (
				5F04E96224011BBD000BB14B /* AttractionListBuilder.swift */,
			);
			path = Builder;
			sourceTree = "<group>";
		};
		5F835D6223FD5CEA00C373BA = {
			isa = PBXGroup;
			children = (
				5F835D6D23FD5CEA00C373BA /* turist */,
				5F835D8423FD5CEC00C373BA /* turistTests */,
				5FB644E02401611A00190923 /* turistUITests */,
				5F835D6C23FD5CEA00C373BA /* Products */,
				5F84133523FED5A300594F98 /* Frameworks */,
			);
			sourceTree = "<group>";
		};
		5F835D6C23FD5CEA00C373BA /* Products */ = {
			isa = PBXGroup;
			children = (
				5F835D6B23FD5CEA00C373BA /* turist.app */,
				5F835D8123FD5CEC00C373BA /* turistTests.xctest */,
				5FB644DF2401611A00190923 /* turistUITests.xctest */,
			);
			name = Products;
			sourceTree = "<group>";
		};
		5F835D6D23FD5CEA00C373BA /* turist */ = {
			isa = PBXGroup;
			children = (
				5F84133C23FEDCD100594F98 /* Cells */,
				5F835DA123FD5DBF00C373BA /* ViewControllers */,
				5F835DA023FD5D4100C373BA /* AppDelegate */,
				5F835D9F23FD5D0D00C373BA /* Storyboards */,
				5F835D9E23FD5CFC00C373BA /* SupportFiles */,
			);
			path = turist;
			sourceTree = "<group>";
		};
		5F835D8423FD5CEC00C373BA /* turistTests */ = {
			isa = PBXGroup;
			children = (
				5FC2D9CC2400E905004C7FB7 /* AttractionListVCTest */,
				5F835D8523FD5CEC00C373BA /* turistTests.swift */,
				5F835D8723FD5CEC00C373BA /* Info.plist */,
			);
			path = turistTests;
			sourceTree = "<group>";
		};
		5F835D9E23FD5CFC00C373BA /* SupportFiles */ = {
			isa = PBXGroup;
			children = (
				5F835D7C23FD5CEC00C373BA /* Info.plist */,
				5F835D7723FD5CEC00C373BA /* Assets.xcassets */,
			);
			path = SupportFiles;
			sourceTree = "<group>";
		};
		5F835D9F23FD5D0D00C373BA /* Storyboards */ = {
			isa = PBXGroup;
			children = (
				5F835D7423FD5CEA00C373BA /* Main.storyboard */,
				5F835D7923FD5CEC00C373BA /* LaunchScreen.storyboard */,
			);
			path = Storyboards;
			sourceTree = "<group>";
		};
		5F835DA023FD5D4100C373BA /* AppDelegate */ = {
			isa = PBXGroup;
			children = (
				5F835D6E23FD5CEA00C373BA /* AppDelegate.swift */,
				5F835DB823FD66D700C373BA /* AppRouter.swift */,
			);
			path = AppDelegate;
			sourceTree = "<group>";
		};
		5F835DA123FD5DBF00C373BA /* ViewControllers */ = {
			isa = PBXGroup;
			children = (
				5F835DA223FD5DEA00C373BA /* AttractionListVC */,
			);
			path = ViewControllers;
			sourceTree = "<group>";
		};
		5F835DA223FD5DEA00C373BA /* AttractionListVC */ = {
			isa = PBXGroup;
			children = (
				5F04E96124011BA6000BB14B /* Builder */,
				5F835DA623FD5E6000C373BA /* Router */,
				5F835DA523FD5E5400C373BA /* Presenter */,
				5F835DA423FD5E1C00C373BA /* Interactor */,
				5F835DA323FD5E1100C373BA /* View */,
			);
			path = AttractionListVC;
			sourceTree = "<group>";
		};
		5F835DA323FD5E1100C373BA /* View */ = {
			isa = PBXGroup;
			children = (
				5F835DB623FD664E00C373BA /* AttractionListVC.swift */,
			);
			path = View;
			sourceTree = "<group>";
		};
		5F835DA423FD5E1C00C373BA /* Interactor */ = {
			isa = PBXGroup;
			children = (
				5F835DAA23FD5EAE00C373BA /* AttractionListInteractor.swift */,
				5F835DBC23FD6A8100C373BA /* AttractionListInteractorProtocol.swift */,
			);
			path = Interactor;
			sourceTree = "<group>";
		};
		5F835DA523FD5E5400C373BA /* Presenter */ = {
			isa = PBXGroup;
			children = (
				5F835DAC23FD5EBE00C373BA /* AttractionListPresenter.swift */,
				5F835DBA23FD6A4100C373BA /* AttractionListPresenterProtocol.swift */,
			);
			path = Presenter;
			sourceTree = "<group>";
		};
		5F835DA623FD5E6000C373BA /* Router */ = {
			isa = PBXGroup;
			children = (
				5F835DAF23FD5ED300C373BA /* AttractionListRouter.swift */,
				5F835DB123FD5EF600C373BA /* AttractionListRouterProtocol.swift */,
			);
			path = Router;
			sourceTree = "<group>";
		};
		5F84133523FED5A300594F98 /* Frameworks */ = {
			isa = PBXGroup;
			children = (
			);
			name = Frameworks;
			sourceTree = "<group>";
		};
		5F84133C23FEDCD100594F98 /* Cells */ = {
			isa = PBXGroup;
			children = (
				5F84134223FEE49A00594F98 /* ImageCell */,
				5F84133D23FEDCE200594F98 /* AttractionCell */,
			);
			path = Cells;
			sourceTree = "<group>";
		};
		5F84133D23FEDCE200594F98 /* AttractionCell */ = {
			isa = PBXGroup;
			children = (
				5F84133E23FEDD0000594F98 /* AttractionCell.swift */,
				5F84133F23FEDD0000594F98 /* AttractionCell.xib */,
			);
			path = AttractionCell;
			sourceTree = "<group>";
		};
		5F84134223FEE49A00594F98 /* ImageCell */ = {
			isa = PBXGroup;
			children = (
				5F84134323FEE4C600594F98 /* ImageCell.swift */,
				5F84134423FEE4C600594F98 /* ImageCell.xib */,
			);
			path = ImageCell;
			sourceTree = "<group>";
		};
		5FB644E02401611A00190923 /* turistUITests */ = {
			isa = PBXGroup;
			children = (
				5FB644E12401611A00190923 /* turistUITests.swift */,
				5FB644E32401611A00190923 /* Info.plist */,
			);
			path = turistUITests;
			sourceTree = "<group>";
		};
		5FC2D9CC2400E905004C7FB7 /* AttractionListVCTest */ = {
			isa = PBXGroup;
			children = (
				5FC2D9D22400ECE1004C7FB7 /* MockClass */,
				5FC2D9CD2400E92B004C7FB7 /* InteractorTest */,
			);
			path = AttractionListVCTest;
			sourceTree = "<group>";
		};
		5FC2D9CD2400E92B004C7FB7 /* InteractorTest */ = {
			isa = PBXGroup;
			children = (
				5FC2D9D02400EA55004C7FB7 /* AttractionListInteractorTest.swift */,
				5F04E95A2401047E000BB14B /* AttractionListPresenterTest.swift */,
			);
			path = InteractorTest;
			sourceTree = "<group>";
		};
		5FC2D9D22400ECE1004C7FB7 /* MockClass */ = {
			isa = PBXGroup;
			children = (
				5FC2D9CE2400E944004C7FB7 /* MockAPIManager.swift */,
				5FC2D9D32400ED02004C7FB7 /* MockAttractionListPresenter.swift */,
				5F04E9542400FF05000BB14B /* MockAttractionListInteractor.swift */,
				5F04E9562400FF66000BB14B /* MockAttractionListRouter.swift */,
				5F04E9582400FFC9000BB14B /* MockAttractionListVC.swift */,
				5F04E96424011EF6000BB14B /* FakeData.swift */,
			);
			path = MockClass;
			sourceTree = "<group>";
		};
/* End PBXGroup section */

/* Begin PBXNativeTarget section */
		5F835D6A23FD5CEA00C373BA /* turist */ = {
			isa = PBXNativeTarget;
			buildConfigurationList = 5F835D9523FD5CED00C373BA /* Build configuration list for PBXNativeTarget "turist" */;
			buildPhases = (
				5F835D6723FD5CEA00C373BA /* Sources */,
				5F835D6823FD5CEA00C373BA /* Frameworks */,
				5F835D6923FD5CEA00C373BA /* Resources */,
			);
			buildRules = (
			);
			dependencies = (
			);
			name = turist;
			packageProductDependencies = (
				5F84133623FED5A300594F98 /* APIModule */,
				5F84133823FED78A00594F98 /* Models */,
				5F84133A23FED8E500594F98 /* Utils */,
				5F84134823FEE93E00594F98 /* Kingfisher */,
			);
			productName = turist;
			productReference = 5F835D6B23FD5CEA00C373BA /* turist.app */;
			productType = "com.apple.product-type.application";
		};
		5F835D8023FD5CEC00C373BA /* turistTests */ = {
			isa = PBXNativeTarget;
			buildConfigurationList = 5F835D9823FD5CED00C373BA /* Build configuration list for PBXNativeTarget "turistTests" */;
			buildPhases = (
				5F835D7D23FD5CEC00C373BA /* Sources */,
				5F835D7E23FD5CEC00C373BA /* Frameworks */,
				5F835D7F23FD5CEC00C373BA /* Resources */,
			);
			buildRules = (
			);
			dependencies = (
				5F835D8323FD5CEC00C373BA /* PBXTargetDependency */,
			);
			name = turistTests;
			productName = turistTests;
			productReference = 5F835D8123FD5CEC00C373BA /* turistTests.xctest */;
			productType = "com.apple.product-type.bundle.unit-test";
		};
		5FB644DE2401611A00190923 /* turistUITests */ = {
			isa = PBXNativeTarget;
			buildConfigurationList = 5FB644E82401611A00190923 /* Build configuration list for PBXNativeTarget "turistUITests" */;
			buildPhases = (
				5FB644DB2401611A00190923 /* Sources */,
				5FB644DC2401611A00190923 /* Frameworks */,
				5FB644DD2401611A00190923 /* Resources */,
			);
			buildRules = (
			);
			dependencies = (
				5FB644E52401611A00190923 /* PBXTargetDependency */,
			);
			name = turistUITests;
			productName = turistUITests;
			productReference = 5FB644DF2401611A00190923 /* turistUITests.xctest */;
			productType = "com.apple.product-type.bundle.ui-testing";
		};
/* End PBXNativeTarget section */

/* Begin PBXProject section */
		5F835D6323FD5CEA00C373BA /* Project object */ = {
			isa = PBXProject;
			attributes = {
				LastSwiftUpdateCheck = 1130;
				LastUpgradeCheck = 1130;
				ORGANIZATIONNAME = "陳建佑";
				TargetAttributes = {
					5F835D6A23FD5CEA00C373BA = {
						CreatedOnToolsVersion = 11.3;
					};
					5F835D8023FD5CEC00C373BA = {
						CreatedOnToolsVersion = 11.3;
						TestTargetID = 5F835D6A23FD5CEA00C373BA;
					};
					5FB644DE2401611A00190923 = {
						CreatedOnToolsVersion = 11.3;
						TestTargetID = 5F835D6A23FD5CEA00C373BA;
					};
				};
			};
			buildConfigurationList = 5F835D6623FD5CEA00C373BA /* Build configuration list for PBXProject "turist" */;
			compatibilityVersion = "Xcode 9.3";
			developmentRegion = en;
			hasScannedForEncodings = 0;
			knownRegions = (
				en,
				Base,
			);
			mainGroup = 5F835D6223FD5CEA00C373BA;
			packageReferences = (
				5F84134723FEE93E00594F98 /* XCRemoteSwiftPackageReference "Kingfisher" */,
			);
			productRefGroup = 5F835D6C23FD5CEA00C373BA /* Products */;
			projectDirPath = "";
			projectRoot = "";
			targets = (
				5F835D6A23FD5CEA00C373BA /* turist */,
				5F835D8023FD5CEC00C373BA /* turistTests */,
				5FB644DE2401611A00190923 /* turistUITests */,
			);
		};
/* End PBXProject section */

/* Begin PBXResourcesBuildPhase section */
		5F835D6923FD5CEA00C373BA /* Resources */ = {
			isa = PBXResourcesBuildPhase;
			buildActionMask = 2147483647;
			files = (
				5F84134123FEDD0000594F98 /* AttractionCell.xib in Resources */,
				5F835D7B23FD5CEC00C373BA /* LaunchScreen.storyboard in Resources */,
				5F835D7823FD5CEC00C373BA /* Assets.xcassets in Resources */,
				5F84134623FEE4C600594F98 /* ImageCell.xib in Resources */,
				5F835D7623FD5CEA00C373BA /* Main.storyboard in Resources */,
			);
			runOnlyForDeploymentPostprocessing = 0;
		};
		5F835D7F23FD5CEC00C373BA /* Resources */ = {
			isa = PBXResourcesBuildPhase;
			buildActionMask = 2147483647;
			files = (
			);
			runOnlyForDeploymentPostprocessing = 0;
		};
		5FB644DD2401611A00190923 /* Resources */ = {
			isa = PBXResourcesBuildPhase;
			buildActionMask = 2147483647;
			files = (
			);
			runOnlyForDeploymentPostprocessing = 0;
		};
/* End PBXResourcesBuildPhase section */

/* Begin PBXSourcesBuildPhase section */
		5F835D6723FD5CEA00C373BA /* Sources */ = {
			isa = PBXSourcesBuildPhase;
			buildActionMask = 2147483647;
			files = (
				5F835D6F23FD5CEA00C373BA /* AppDelegate.swift in Sources */,
				5F835DAD23FD5EBE00C373BA /* AttractionListPresenter.swift in Sources */,
				5F04E96324011BBD000BB14B /* AttractionListBuilder.swift in Sources */,
				5F835DB223FD5EF600C373BA /* AttractionListRouterProtocol.swift in Sources */,
				5F835DAB23FD5EAE00C373BA /* AttractionListInteractor.swift in Sources */,
				5F835DBB23FD6A4100C373BA /* AttractionListPresenterProtocol.swift in Sources */,
				5F84134523FEE4C600594F98 /* ImageCell.swift in Sources */,
				5F835DB923FD66D700C373BA /* AppRouter.swift in Sources */,
				5F835DB023FD5ED300C373BA /* AttractionListRouter.swift in Sources */,
				5F835DBD23FD6A8100C373BA /* AttractionListInteractorProtocol.swift in Sources */,
				5F835DB723FD664E00C373BA /* AttractionListVC.swift in Sources */,
				5F84134023FEDD0000594F98 /* AttractionCell.swift in Sources */,
			);
			runOnlyForDeploymentPostprocessing = 0;
		};
		5F835D7D23FD5CEC00C373BA /* Sources */ = {
			isa = PBXSourcesBuildPhase;
			buildActionMask = 2147483647;
			files = (
				5F04E96524011EF6000BB14B /* FakeData.swift in Sources */,
				5F04E9552400FF05000BB14B /* MockAttractionListInteractor.swift in Sources */,
				5FC2D9CF2400E944004C7FB7 /* MockAPIManager.swift in Sources */,
				5FC2D9D42400ED02004C7FB7 /* MockAttractionListPresenter.swift in Sources */,
				5F04E95B2401047E000BB14B /* AttractionListPresenterTest.swift in Sources */,
				5F04E9572400FF66000BB14B /* MockAttractionListRouter.swift in Sources */,
				5F04E9592400FFC9000BB14B /* MockAttractionListVC.swift in Sources */,
				5FC2D9D12400EA55004C7FB7 /* AttractionListInteractorTest.swift in Sources */,
				5F835D8623FD5CEC00C373BA /* turistTests.swift in Sources */,
			);
			runOnlyForDeploymentPostprocessing = 0;
		};
		5FB644DB2401611A00190923 /* Sources */ = {
			isa = PBXSourcesBuildPhase;
			buildActionMask = 2147483647;
			files = (
				5FB644E22401611A00190923 /* turistUITests.swift in Sources */,
			);
			runOnlyForDeploymentPostprocessing = 0;
		};
/* End PBXSourcesBuildPhase section */

/* Begin PBXTargetDependency section */
		5F835D8323FD5CEC00C373BA /* PBXTargetDependency */ = {
			isa = PBXTargetDependency;
			target = 5F835D6A23FD5CEA00C373BA /* turist */;
			targetProxy = 5F835D8223FD5CEC00C373BA /* PBXContainerItemProxy */;
		};
		5FB644E52401611A00190923 /* PBXTargetDependency */ = {
			isa = PBXTargetDependency;
			target = 5F835D6A23FD5CEA00C373BA /* turist */;
			targetProxy = 5FB644E42401611A00190923 /* PBXContainerItemProxy */;
		};
/* End PBXTargetDependency section */

/* Begin PBXVariantGroup section */
		5F835D7423FD5CEA00C373BA /* Main.storyboard */ = {
			isa = PBXVariantGroup;
			children = (
				5F835D7523FD5CEA00C373BA /* Base */,
			);
			name = Main.storyboard;
			sourceTree = "<group>";
		};
		5F835D7923FD5CEC00C373BA /* LaunchScreen.storyboard */ = {
			isa = PBXVariantGroup;
			children = (
				5F835D7A23FD5CEC00C373BA /* Base */,
			);
			name = LaunchScreen.storyboard;
			sourceTree = "<group>";
		};
/* End PBXVariantGroup section */

/* Begin XCBuildConfiguration section */
		5F835D9323FD5CED00C373BA /* Debug */ = {
			isa = XCBuildConfiguration;
			buildSettings = {
				ALWAYS_SEARCH_USER_PATHS = NO;
				CLANG_ANALYZER_NONNULL = YES;
				CLANG_ANALYZER_NUMBER_OBJECT_CONVERSION = YES_AGGRESSIVE;
				CLANG_CXX_LANGUAGE_STANDARD = "gnu++14";
				CLANG_CXX_LIBRARY = "libc++";
				CLANG_ENABLE_MODULES = YES;
				CLANG_ENABLE_OBJC_ARC = YES;
				CLANG_ENABLE_OBJC_WEAK = YES;
				CLANG_WARN_BLOCK_CAPTURE_AUTORELEASING = YES;
				CLANG_WARN_BOOL_CONVERSION = YES;
				CLANG_WARN_COMMA = YES;
				CLANG_WARN_CONSTANT_CONVERSION = YES;
				CLANG_WARN_DEPRECATED_OBJC_IMPLEMENTATIONS = YES;
				CLANG_WARN_DIRECT_OBJC_ISA_USAGE = YES_ERROR;
				CLANG_WARN_DOCUMENTATION_COMMENTS = YES;
				CLANG_WARN_EMPTY_BODY = YES;
				CLANG_WARN_ENUM_CONVERSION = YES;
				CLANG_WARN_INFINITE_RECURSION = YES;
				CLANG_WARN_INT_CONVERSION = YES;
				CLANG_WARN_NON_LITERAL_NULL_CONVERSION = YES;
				CLANG_WARN_OBJC_IMPLICIT_RETAIN_SELF = YES;
				CLANG_WARN_OBJC_LITERAL_CONVERSION = YES;
				CLANG_WARN_OBJC_ROOT_CLASS = YES_ERROR;
				CLANG_WARN_RANGE_LOOP_ANALYSIS = YES;
				CLANG_WARN_STRICT_PROTOTYPES = YES;
				CLANG_WARN_SUSPICIOUS_MOVE = YES;
				CLANG_WARN_UNGUARDED_AVAILABILITY = YES_AGGRESSIVE;
				CLANG_WARN_UNREACHABLE_CODE = YES;
				CLANG_WARN__DUPLICATE_METHOD_MATCH = YES;
				COPY_PHASE_STRIP = NO;
				DEBUG_INFORMATION_FORMAT = dwarf;
				ENABLE_STRICT_OBJC_MSGSEND = YES;
				ENABLE_TESTABILITY = YES;
				GCC_C_LANGUAGE_STANDARD = gnu11;
				GCC_DYNAMIC_NO_PIC = NO;
				GCC_NO_COMMON_BLOCKS = YES;
				GCC_OPTIMIZATION_LEVEL = 0;
				GCC_PREPROCESSOR_DEFINITIONS = (
					"DEBUG=1",
					"$(inherited)",
				);
				GCC_WARN_64_TO_32_BIT_CONVERSION = YES;
				GCC_WARN_ABOUT_RETURN_TYPE = YES_ERROR;
				GCC_WARN_UNDECLARED_SELECTOR = YES;
				GCC_WARN_UNINITIALIZED_AUTOS = YES_AGGRESSIVE;
				GCC_WARN_UNUSED_FUNCTION = YES;
				GCC_WARN_UNUSED_VARIABLE = YES;
				IPHONEOS_DEPLOYMENT_TARGET = 13.2;
				MTL_ENABLE_DEBUG_INFO = INCLUDE_SOURCE;
				MTL_FAST_MATH = YES;
				ONLY_ACTIVE_ARCH = YES;
				SDKROOT = iphoneos;
				SWIFT_ACTIVE_COMPILATION_CONDITIONS = DEBUG;
				SWIFT_OPTIMIZATION_LEVEL = "-Onone";
			};
			name = Debug;
		};
		5F835D9423FD5CED00C373BA /* Release */ = {
			isa = XCBuildConfiguration;
			buildSettings = {
				ALWAYS_SEARCH_USER_PATHS = NO;
				CLANG_ANALYZER_NONNULL = YES;
				CLANG_ANALYZER_NUMBER_OBJECT_CONVERSION = YES_AGGRESSIVE;
				CLANG_CXX_LANGUAGE_STANDARD = "gnu++14";
				CLANG_CXX_LIBRARY = "libc++";
				CLANG_ENABLE_MODULES = YES;
				CLANG_ENABLE_OBJC_ARC = YES;
				CLANG_ENABLE_OBJC_WEAK = YES;
				CLANG_WARN_BLOCK_CAPTURE_AUTORELEASING = YES;
				CLANG_WARN_BOOL_CONVERSION = YES;
				CLANG_WARN_COMMA = YES;
				CLANG_WARN_CONSTANT_CONVERSION = YES;
				CLANG_WARN_DEPRECATED_OBJC_IMPLEMENTATIONS = YES;
				CLANG_WARN_DIRECT_OBJC_ISA_USAGE = YES_ERROR;
				CLANG_WARN_DOCUMENTATION_COMMENTS = YES;
				CLANG_WARN_EMPTY_BODY = YES;
				CLANG_WARN_ENUM_CONVERSION = YES;
				CLANG_WARN_INFINITE_RECURSION = YES;
				CLANG_WARN_INT_CONVERSION = YES;
				CLANG_WARN_NON_LITERAL_NULL_CONVERSION = YES;
				CLANG_WARN_OBJC_IMPLICIT_RETAIN_SELF = YES;
				CLANG_WARN_OBJC_LITERAL_CONVERSION = YES;
				CLANG_WARN_OBJC_ROOT_CLASS = YES_ERROR;
				CLANG_WARN_RANGE_LOOP_ANALYSIS = YES;
				CLANG_WARN_STRICT_PROTOTYPES = YES;
				CLANG_WARN_SUSPICIOUS_MOVE = YES;
				CLANG_WARN_UNGUARDED_AVAILABILITY = YES_AGGRESSIVE;
				CLANG_WARN_UNREACHABLE_CODE = YES;
				CLANG_WARN__DUPLICATE_METHOD_MATCH = YES;
				COPY_PHASE_STRIP = NO;
				DEBUG_INFORMATION_FORMAT = "dwarf-with-dsym";
				ENABLE_NS_ASSERTIONS = NO;
				ENABLE_STRICT_OBJC_MSGSEND = YES;
				GCC_C_LANGUAGE_STANDARD = gnu11;
				GCC_NO_COMMON_BLOCKS = YES;
				GCC_WARN_64_TO_32_BIT_CONVERSION = YES;
				GCC_WARN_ABOUT_RETURN_TYPE = YES_ERROR;
				GCC_WARN_UNDECLARED_SELECTOR = YES;
				GCC_WARN_UNINITIALIZED_AUTOS = YES_AGGRESSIVE;
				GCC_WARN_UNUSED_FUNCTION = YES;
				GCC_WARN_UNUSED_VARIABLE = YES;
				IPHONEOS_DEPLOYMENT_TARGET = 13.2;
				MTL_ENABLE_DEBUG_INFO = NO;
				MTL_FAST_MATH = YES;
				SDKROOT = iphoneos;
				SWIFT_COMPILATION_MODE = wholemodule;
				SWIFT_OPTIMIZATION_LEVEL = "-O";
				VALIDATE_PRODUCT = YES;
			};
			name = Release;
		};
		5F835D9623FD5CED00C373BA /* Debug */ = {
			isa = XCBuildConfiguration;
			buildSettings = {
				ASSETCATALOG_COMPILER_APPICON_NAME = AppIcon;
				CODE_SIGN_STYLE = Automatic;
				DEVELOPMENT_TEAM = 4C2GNT69CH;
				INFOPLIST_FILE = "$(SRCROOT)/turist/SupportFiles/Info.plist";
				IPHONEOS_DEPLOYMENT_TARGET = 10.0;
				LD_RUNPATH_SEARCH_PATHS = (
					"$(inherited)",
					"@executable_path/Frameworks",
				);
				PRODUCT_BUNDLE_IDENTIFIER = test.apple.turist;
				PRODUCT_NAME = "$(TARGET_NAME)";
				SWIFT_VERSION = 5.0;
				TARGETED_DEVICE_FAMILY = "1,2";
			};
			name = Debug;
		};
		5F835D9723FD5CED00C373BA /* Release */ = {
			isa = XCBuildConfiguration;
			buildSettings = {
				ASSETCATALOG_COMPILER_APPICON_NAME = AppIcon;
				CODE_SIGN_STYLE = Automatic;
				DEVELOPMENT_TEAM = 4C2GNT69CH;
				INFOPLIST_FILE = "$(SRCROOT)/turist/SupportFiles/Info.plist";
				IPHONEOS_DEPLOYMENT_TARGET = 10.0;
				LD_RUNPATH_SEARCH_PATHS = (
					"$(inherited)",
					"@executable_path/Frameworks",
				);
				PRODUCT_BUNDLE_IDENTIFIER = test.apple.turist;
				PRODUCT_NAME = "$(TARGET_NAME)";
				SWIFT_VERSION = 5.0;
				TARGETED_DEVICE_FAMILY = "1,2";
			};
			name = Release;
		};
		5F835D9923FD5CED00C373BA /* Debug */ = {
			isa = XCBuildConfiguration;
			buildSettings = {
				ALWAYS_EMBED_SWIFT_STANDARD_LIBRARIES = YES;
				BUNDLE_LOADER = "$(TEST_HOST)";
				CODE_SIGN_STYLE = Automatic;
				INFOPLIST_FILE = turistTests/Info.plist;
				IPHONEOS_DEPLOYMENT_TARGET = 13.2;
				LD_RUNPATH_SEARCH_PATHS = (
					"$(inherited)",
					"@executable_path/Frameworks",
					"@loader_path/Frameworks",
				);
				PRODUCT_BUNDLE_IDENTIFIER = test.apple.turistTests;
				PRODUCT_NAME = "$(TARGET_NAME)";
				SWIFT_VERSION = 5.0;
				TARGETED_DEVICE_FAMILY = "1,2";
				TEST_HOST = "$(BUILT_PRODUCTS_DIR)/turist.app/turist";
			};
			name = Debug;
		};
		5F835D9A23FD5CED00C373BA /* Release */ = {
			isa = XCBuildConfiguration;
			buildSettings = {
				ALWAYS_EMBED_SWIFT_STANDARD_LIBRARIES = YES;
				BUNDLE_LOADER = "$(TEST_HOST)";
				CODE_SIGN_STYLE = Automatic;
				INFOPLIST_FILE = turistTests/Info.plist;
				IPHONEOS_DEPLOYMENT_TARGET = 13.2;
				LD_RUNPATH_SEARCH_PATHS = (
					"$(inherited)",
					"@executable_path/Frameworks",
					"@loader_path/Frameworks",
				);
				PRODUCT_BUNDLE_IDENTIFIER = test.apple.turistTests;
				PRODUCT_NAME = "$(TARGET_NAME)";
				SWIFT_VERSION = 5.0;
				TARGETED_DEVICE_FAMILY = "1,2";
				TEST_HOST = "$(BUILT_PRODUCTS_DIR)/turist.app/turist";
			};
			name = Release;
		};
		5FB644E62401611A00190923 /* Debug */ = {
			isa = XCBuildConfiguration;
			buildSettings = {
				CODE_SIGN_STYLE = Automatic;
				INFOPLIST_FILE = turistUITests/Info.plist;
				LD_RUNPATH_SEARCH_PATHS = (
					"$(inherited)",
					"@executable_path/Frameworks",
					"@loader_path/Frameworks",
				);
				PRODUCT_BUNDLE_IDENTIFIER = test.apple.turistUITests;
				PRODUCT_NAME = "$(TARGET_NAME)";
				SWIFT_VERSION = 5.0;
				TARGETED_DEVICE_FAMILY = "1,2";
				TEST_TARGET_NAME = turist;
			};
			name = Debug;
		};
		5FB644E72401611A00190923 /* Release */ = {
			isa = XCBuildConfiguration;
			buildSettings = {
				CODE_SIGN_STYLE = Automatic;
				INFOPLIST_FILE = turistUITests/Info.plist;
				LD_RUNPATH_SEARCH_PATHS = (
					"$(inherited)",
					"@executable_path/Frameworks",
					"@loader_path/Frameworks",
				);
				PRODUCT_BUNDLE_IDENTIFIER = test.apple.turistUITests;
				PRODUCT_NAME = "$(TARGET_NAME)";
				SWIFT_VERSION = 5.0;
				TARGETED_DEVICE_FAMILY = "1,2";
				TEST_TARGET_NAME = turist;
			};
			name = Release;
		};
/* End XCBuildConfiguration section */

/* Begin XCConfigurationList section */
		5F835D6623FD5CEA00C373BA /* Build configuration list for PBXProject "turist" */ = {
			isa = XCConfigurationList;
			buildConfigurations = (
				5F835D9323FD5CED00C373BA /* Debug */,
				5F835D9423FD5CED00C373BA /* Release */,
			);
			defaultConfigurationIsVisible = 0;
			defaultConfigurationName = Release;
		};
		5F835D9523FD5CED00C373BA /* Build configuration list for PBXNativeTarget "turist" */ = {
			isa = XCConfigurationList;
			buildConfigurations = (
				5F835D9623FD5CED00C373BA /* Debug */,
				5F835D9723FD5CED00C373BA /* Release */,
			);
			defaultConfigurationIsVisible = 0;
			defaultConfigurationName = Release;
		};
		5F835D9823FD5CED00C373BA /* Build configuration list for PBXNativeTarget "turistTests" */ = {
			isa = XCConfigurationList;
			buildConfigurations = (
				5F835D9923FD5CED00C373BA /* Debug */,
				5F835D9A23FD5CED00C373BA /* Release */,
			);
			defaultConfigurationIsVisible = 0;
			defaultConfigurationName = Release;
		};
		5FB644E82401611A00190923 /* Build configuration list for PBXNativeTarget "turistUITests" */ = {
			isa = XCConfigurationList;
			buildConfigurations = (
				5FB644E62401611A00190923 /* Debug */,
				5FB644E72401611A00190923 /* Release */,
			);
			defaultConfigurationIsVisible = 0;
			defaultConfigurationName = Release;
		};
/* End XCConfigurationList section */

/* Begin XCRemoteSwiftPackageReference section */
		5F84134723FEE93E00594F98 /* XCRemoteSwiftPackageReference "Kingfisher" */ = {
			isa = XCRemoteSwiftPackageReference;
			repositoryURL = "https://github.com/onevcat/Kingfisher.git";
			requirement = {
				kind = upToNextMajorVersion;
				minimumVersion = 5.13.1;
			};
		};
/* End XCRemoteSwiftPackageReference section */

/* Begin XCSwiftPackageProductDependency section */
		5F84133623FED5A300594F98 /* APIModule */ = {
			isa = XCSwiftPackageProductDependency;
			productName = APIModule;
		};
		5F84133823FED78A00594F98 /* Models */ = {
			isa = XCSwiftPackageProductDependency;
			productName = Models;
		};
		5F84133A23FED8E500594F98 /* Utils */ = {
			isa = XCSwiftPackageProductDependency;
			productName = Utils;
		};
		5F84134823FEE93E00594F98 /* Kingfisher */ = {
			isa = XCSwiftPackageProductDependency;
			package = 5F84134723FEE93E00594F98 /* XCRemoteSwiftPackageReference "Kingfisher" */;
			productName = Kingfisher;
		};
/* End XCSwiftPackageProductDependency section */
	};
	rootObject = 5F835D6323FD5CEA00C373BA /* Project object */;
}
